[{<<"beam_graphics">>,
  {git,"https://github.com/erlangsters/beam-graphics.git",
       {ref,"90186718af4646bd1cf5a5febeacef6a2efd98b3"}},
  0},
 {<<"egl">>,
  {git,"https://github.com/erlangsters/egl-1.5.git",
       {ref,"6d4234215bec59eda52999db191f32ec83069360"}},
  1},
 {<<"gl">>,
  {git,"https://github.com/erlangsters/opengl-4.6.git",
       {ref,"9dc361d7648998cd0307451ffc0a965c4412fe58"}},
  0},
 {<<"glfw">>,
  {git,"https://github.com/erlangsters/glfw.git",
       {ref,"bc4891c1b5c619afd463dadac604ecb625e235db"}},
  1},
 {<<"slice">>,
  {git,"https://github.com/erlangsters/slice.git",
       {ref,"c77ae9b880f685d556bc9c6b81525b6022f0b444"}},
  1},
 {<<"spawn_mode">>,
  {git,"https://github.com/erlangsters/spawn-mode",
       {ref,"6591394154a5d4d316d5e7e02b93d99ebff6bef2"}},
  2},
 {<<"worker">>,
  {git,"https://github.com/erlangsters/worker.git",
       {ref,"266c385cf58b75a2bb7c2b4fe2897a2648914b82"}},
  1}].
